
Microsoft Visual Studio Solution File, Format Version 12.00
# Visual Studio Version 17
VisualStudioVersion = 17.6.33815.320
MinimumVisualStudioVersion = 10.0.40219.1
Project("{FAE04EC0-301F-11D3-BF4B-00C04F79EFBC}") = "TrainingApi", "TrainingApi\TrainingApi.csproj", "{C8266C1E-834B-4792-B106-1F1E6E1DD9AA}"
EndProject
Global
	GlobalSection(SolutionConfigurationPlatforms) = preSolution
		Debug|Any CPU = Debug|Any CPU
		Release|Any CPU = Release|Any CPU
	EndGlobalSection
	GlobalSection(ProjectConfigurationPlatforms) = postSolution
		{C8266C1E-834B-4792-B106-1F1E6E1DD9AA}.Debug|Any CPU.ActiveCfg = Debug|Any CPU
		{C8266C1E-834B-4792-B106-1F1E6E1DD9AA}.Debug|Any CPU.Build.0 = Debug|Any CPU
		{C8266C1E-834B-4792-B106-1F1E6E1DD9AA}.Release|Any CPU.ActiveCfg = Release|Any CPU
		{C8266C1E-834B-4792-B106-1F1E6E1DD9AA}.Release|Any CPU.Build.0 = Release|Any CPU
	EndGlobalSection
	GlobalSection(SolutionProperties) = preSolution
		HideSolutionNode = FALSE
	EndGlobalSection
	GlobalSection(ExtensibilityGlobals) = postSolution
		SolutionGuid = {657A4D82-312F-4D04-AE9F-13AB0FCDC35F}
	EndGlobalSection
EndGlobal
